{
  "requires": true,
  "lockfileVersion": 1,
  "dependencies": {
    "bootstrap": {
      "version": "https://registry.npmjs.org/bootstrap/-/bootstrap-3.3.7.tgz",
      "integrity": "sha1-WjiTlFSfIzMIdaOxUGVldPip63E="
    },
    "dot": {
      "version": "https://registry.npmjs.org/dot/-/dot-1.1.2.tgz",
      "integrity": "sha1-xzdwGfxOVQeYkosrmv62ar+h8vk="
    },
    "jquery": {
      "version": "https://registry.npmjs.org/jquery/-/jquery-3.2.1.tgz",
      "integrity": "sha1-XE2d5lKvbNCncBVKYxu6ErAVx4c="
    },
    "jquery-extendext": {
      "version": "https://registry.npmjs.org/jquery-extendext/-/jquery-extendext-0.1.2.tgz",
      "integrity": "sha1-1FtUi1EtF0oqcz16wkSLkEVscVY=",
      "requires": {
        "jquery": "https://registry.npmjs.org/jquery/-/jquery-3.2.1.tgz"
      }
    },
    "jQuery-QueryBuilder": {
      "version": "2.4.4",
      "resolved": "https://registry.npmjs.org/jQuery-QueryBuilder/-/jQuery-QueryBuilder-2.4.4.tgz",
      "integrity": "sha1-3RsX/0/sascn6p9tAEGHbzHt360=",
      "requires": {
        "bootstrap": "https://registry.npmjs.org/bootstrap/-/bootstrap-3.3.7.tgz",
        "dot": "https://registry.npmjs.org/dot/-/dot-1.1.2.tgz",
        "jquery": "https://registry.npmjs.org/jquery/-/jquery-3.2.1.tgz",
        "jquery-extendext": "https://registry.npmjs.org/jquery-extendext/-/jquery-extendext-0.1.2.tgz",
        "moment": "https://registry.npmjs.org/moment/-/moment-2.18.1.tgz"
      }
    },
    "moment": {
      "version": "https://registry.npmjs.org/moment/-/moment-2.18.1.tgz",
      "integrity": "sha1-w2GT3Tzhwu7SrbfIAtu8d6gbHA8="
    }
  }
}
